
Microsoft Visual Studio Solution File, Format Version 12.00
# Visual Studio Version 17
VisualStudioVersion = 17.0.31903.59
MinimumVisualStudioVersion = 10.0.40219.1
Project("{FAE04EC0-301F-11D3-BF4B-00C04F79EFBC}") = "Coop.Core", "Coop.Core\Coop.Core.csproj", "{729728CF-27C1-442D-98AF-540CB543FAFF}"
EndProject
Project("{FAE04EC0-301F-11D3-BF4B-00C04F79EFBC}") = "Coop.Core.Tests", "Coop.Core.Tests\Coop.Core.Tests.csproj", "{948017E4-DF10-4CBB-82D5-C3A651AEE407}"
EndProject
Project("{FAE04EC0-301F-11D3-BF4B-00C04F79EFBC}") = "Coop.GameInterface", "Coop.GameInterface\Coop.GameInterface.csproj", "{046D4808-6C95-4FE9-B313-DB16C8CB9A68}"
EndProject
Global
	GlobalSection(SolutionConfigurationPlatforms) = preSolution
		Debug|Any CPU = Debug|Any CPU
		Debug|x64 = Debug|x64
		Debug|x86 = Debug|x86
		Release|Any CPU = Release|Any CPU
		Release|x64 = Release|x64
		Release|x86 = Release|x86
	EndGlobalSection
	GlobalSection(ProjectConfigurationPlatforms) = postSolution
		{729728CF-27C1-442D-98AF-540CB543FAFF}.Debug|Any CPU.ActiveCfg = Debug|Any CPU
		{729728CF-27C1-442D-98AF-540CB543FAFF}.Debug|Any CPU.Build.0 = Debug|Any CPU
		{729728CF-27C1-442D-98AF-540CB543FAFF}.Debug|x64.ActiveCfg = Debug|Any CPU
		{729728CF-27C1-442D-98AF-540CB543FAFF}.Debug|x64.Build.0 = Debug|Any CPU
		{729728CF-27C1-442D-98AF-540CB543FAFF}.Debug|x86.ActiveCfg = Debug|Any CPU
		{729728CF-27C1-442D-98AF-540CB543FAFF}.Debug|x86.Build.0 = Debug|Any CPU
		{729728CF-27C1-442D-98AF-540CB543FAFF}.Release|Any CPU.ActiveCfg = Release|Any CPU
		{729728CF-27C1-442D-98AF-540CB543FAFF}.Release|Any CPU.Build.0 = Release|Any CPU
		{729728CF-27C1-442D-98AF-540CB543FAFF}.Release|x64.ActiveCfg = Release|Any CPU
		{729728CF-27C1-442D-98AF-540CB543FAFF}.Release|x64.Build.0 = Release|Any CPU
		{729728CF-27C1-442D-98AF-540CB543FAFF}.Release|x86.ActiveCfg = Release|Any CPU
		{729728CF-27C1-442D-98AF-540CB543FAFF}.Release|x86.Build.0 = Release|Any CPU
		{948017E4-DF10-4CBB-82D5-C3A651AEE407}.Debug|Any CPU.ActiveCfg = Debug|Any CPU
		{948017E4-DF10-4CBB-82D5-C3A651AEE407}.Debug|Any CPU.Build.0 = Debug|Any CPU
		{948017E4-DF10-4CBB-82D5-C3A651AEE407}.Debug|x64.ActiveCfg = Debug|Any CPU
		{948017E4-DF10-4CBB-82D5-C3A651AEE407}.Debug|x64.Build.0 = Debug|Any CPU
		{948017E4-DF10-4CBB-82D5-C3A651AEE407}.Debug|x86.ActiveCfg = Debug|Any CPU
		{948017E4-DF10-4CBB-82D5-C3A651AEE407}.Debug|x86.Build.0 = Debug|Any CPU
		{948017E4-DF10-4CBB-82D5-C3A651AEE407}.Release|Any CPU.ActiveCfg = Release|Any CPU
		{948017E4-DF10-4CBB-82D5-C3A651AEE407}.Release|Any CPU.Build.0 = Release|Any CPU
		{948017E4-DF10-4CBB-82D5-C3A651AEE407}.Release|x64.ActiveCfg = Release|Any CPU
		{948017E4-DF10-4CBB-82D5-C3A651AEE407}.Release|x64.Build.0 = Release|Any CPU
		{948017E4-DF10-4CBB-82D5-C3A651AEE407}.Release|x86.ActiveCfg = Release|Any CPU
		{948017E4-DF10-4CBB-82D5-C3A651AEE407}.Release|x86.Build.0 = Release|Any CPU
		{046D4808-6C95-4FE9-B313-DB16C8CB9A68}.Debug|Any CPU.ActiveCfg = Debug|Any CPU
		{046D4808-6C95-4FE9-B313-DB16C8CB9A68}.Debug|Any CPU.Build.0 = Debug|Any CPU
		{046D4808-6C95-4FE9-B313-DB16C8CB9A68}.Debug|x64.ActiveCfg = Debug|Any CPU
		{046D4808-6C95-4FE9-B313-DB16C8CB9A68}.Debug|x64.Build.0 = Debug|Any CPU
		{046D4808-6C95-4FE9-B313-DB16C8CB9A68}.Debug|x86.ActiveCfg = Debug|Any CPU
		{046D4808-6C95-4FE9-B313-DB16C8CB9A68}.Debug|x86.Build.0 = Debug|Any CPU
		{046D4808-6C95-4FE9-B313-DB16C8CB9A68}.Release|Any CPU.ActiveCfg = Release|Any CPU
		{046D4808-6C95-4FE9-B313-DB16C8CB9A68}.Release|Any CPU.Build.0 = Release|Any CPU
		{046D4808-6C95-4FE9-B313-DB16C8CB9A68}.Release|x64.ActiveCfg = Release|Any CPU
		{046D4808-6C95-4FE9-B313-DB16C8CB9A68}.Release|x64.Build.0 = Release|Any CPU
		{046D4808-6C95-4FE9-B313-DB16C8CB9A68}.Release|x86.ActiveCfg = Release|Any CPU
		{046D4808-6C95-4FE9-B313-DB16C8CB9A68}.Release|x86.Build.0 = Release|Any CPU
	EndGlobalSection
	GlobalSection(SolutionProperties) = preSolution
		HideSolutionNode = FALSE
	EndGlobalSection
EndGlobal
